
Microsoft Visual Studio Solution File, Format Version 12.00
# Visual Studio 15
VisualStudioVersion = 15.0.28307.421
MinimumVisualStudioVersion = 10.0.40219.1
Project("{FAE04EC0-301F-11D3-BF4B-00C04F79EFBC}") = "Entrada", "Entrada\Entrada.csproj", "{45FC4765-D11B-4767-85C8-5747157CDD4A}"
EndProject
Global
	GlobalSection(SolutionConfigurationPlatforms) = preSolution
		Debug|Any CPU = Debug|Any CPU
		Release|Any CPU = Release|Any CPU
	EndGlobalSection
	GlobalSection(ProjectConfigurationPlatforms) = postSolution
		{45FC4765-D11B-4767-85C8-5747157CDD4A}.Debug|Any CPU.ActiveCfg = Debug|Any CPU
		{45FC4765-D11B-4767-85C8-5747157CDD4A}.Debug|Any CPU.Build.0 = Debug|Any CPU
		{45FC4765-D11B-4767-85C8-5747157CDD4A}.Release|Any CPU.ActiveCfg = Release|Any CPU
		{45FC4765-D11B-4767-85C8-5747157CDD4A}.Release|Any CPU.Build.0 = Release|Any CPU
	EndGlobalSection
	GlobalSection(SolutionProperties) = preSolution
		HideSolutionNode = FALSE
	EndGlobalSection
	GlobalSection(ExtensibilityGlobals) = postSolution
		SolutionGuid = {4F3368B7-1D07-4121-8759-BF8B2AD4BD9A}
	EndGlobalSection
EndGlobal
